
Microsoft Visual Studio Solution File, Format Version 12.00
# Visual Studio Version 17
VisualStudioVersion = 17.2.32505.173
MinimumVisualStudioVersion = 10.0.40219.1
Project("{FAE04EC0-301F-11D3-BF4B-00C04F79EFBC}") = "ShuffelGamePuzzel", "ShuffelGamePuzzel\ShuffelGamePuzzel.csproj", "{4D170D79-A3BE-4476-9D8C-6D9374CBC634}"
EndProject
Global
	GlobalSection(SolutionConfigurationPlatforms) = preSolution
		Debug|Any CPU = Debug|Any CPU
		Release|Any CPU = Release|Any CPU
	EndGlobalSection
	GlobalSection(ProjectConfigurationPlatforms) = postSolution
		{4D170D79-A3BE-4476-9D8C-6D9374CBC634}.Debug|Any CPU.ActiveCfg = Debug|Any CPU
		{4D170D79-A3BE-4476-9D8C-6D9374CBC634}.Debug|Any CPU.Build.0 = Debug|Any CPU
		{4D170D79-A3BE-4476-9D8C-6D9374CBC634}.Release|Any CPU.ActiveCfg = Release|Any CPU
		{4D170D79-A3BE-4476-9D8C-6D9374CBC634}.Release|Any CPU.Build.0 = Release|Any CPU
	EndGlobalSection
	GlobalSection(SolutionProperties) = preSolution
		HideSolutionNode = FALSE
	EndGlobalSection
	GlobalSection(ExtensibilityGlobals) = postSolution
		SolutionGuid = {7A5C4911-FE0C-438B-B914-A54F84AD429E}
	EndGlobalSection
EndGlobal
